
Microsoft Visual Studio Solution File, Format Version 12.00
Project("{FAE04EC0-301F-11D3-BF4B-00C04F79EFBC}") = "Client", "Client\Client.csproj", "{01AC1A3F-3587-4FAC-977C-BAA2EDFD7013}"
EndProject
Global
	GlobalSection(SolutionConfigurationPlatforms) = preSolution
		Debug|Any CPU = Debug|Any CPU
		Release|Any CPU = Release|Any CPU
	EndGlobalSection
	GlobalSection(ProjectConfigurationPlatforms) = postSolution
		{01AC1A3F-3587-4FAC-977C-BAA2EDFD7013}.Debug|Any CPU.ActiveCfg = Debug|Any CPU
		{01AC1A3F-3587-4FAC-977C-BAA2EDFD7013}.Debug|Any CPU.Build.0 = Debug|Any CPU
		{01AC1A3F-3587-4FAC-977C-BAA2EDFD7013}.Release|Any CPU.ActiveCfg = Release|Any CPU
		{01AC1A3F-3587-4FAC-977C-BAA2EDFD7013}.Release|Any CPU.Build.0 = Release|Any CPU
	EndGlobalSection
EndGlobal
